
Microsoft Visual Studio Solution File, Format Version 12.00
# Visual Studio Version 17
VisualStudioVersion = 17.0.32112.339
MinimumVisualStudioVersion = 10.0.40219.1
Project("{2150E333-8FDC-42A3-9474-1A3956D46DE8}") = "Resources", "Resources", "{D113F085-F153-41AC-8162-E613011E813F}"
	ProjectSection(SolutionItems) = preProject
		Icon\MrAdvice.MVVM.png = Icon\MrAdvice.MVVM.png
	EndProjectSection
EndProject
Project("{2150E333-8FDC-42A3-9474-1A3956D46DE8}") = "Tools", "Tools", "{8148DEFF-853C-46AA-86BB-1498F273F536}"
	ProjectSection(SolutionItems) = preProject
		appveyor.yml = appveyor.yml
	EndProjectSection
EndProject
Project("{FAE04EC0-301F-11D3-BF4B-00C04F79EFBC}") = "TestApplication.WPF", "TestApplication.WPF\TestApplication.WPF.csproj", "{8CA64803-9E81-4BEA-946A-549E21D339FD}"
EndProject
Project("{FAE04EC0-301F-11D3-BF4B-00C04F79EFBC}") = "TestApplication.ModernUI", "TestApplication.ModernUI\TestApplication.ModernUI.csproj", "{04FCF617-E9C8-44A9-9072-AEA90367ADD9}"
EndProject
Project("{FAE04EC0-301F-11D3-BF4B-00C04F79EFBC}") = "MrAdvice.MVVM", "MrAdvice.MVVM\MrAdvice.MVVM.csproj", "{86C5926E-9DF1-4A59-9B54-85A06A18A912}"
EndProject
Global
	GlobalSection(SolutionConfigurationPlatforms) = preSolution
		Debug|Any CPU = Debug|Any CPU
		Release|Any CPU = Release|Any CPU
	EndGlobalSection
	GlobalSection(ProjectConfigurationPlatforms) = postSolution
		{8CA64803-9E81-4BEA-946A-549E21D339FD}.Debug|Any CPU.ActiveCfg = Debug|Any CPU
		{8CA64803-9E81-4BEA-946A-549E21D339FD}.Debug|Any CPU.Build.0 = Debug|Any CPU
		{8CA64803-9E81-4BEA-946A-549E21D339FD}.Release|Any CPU.ActiveCfg = Release|Any CPU
		{8CA64803-9E81-4BEA-946A-549E21D339FD}.Release|Any CPU.Build.0 = Release|Any CPU
		{04FCF617-E9C8-44A9-9072-AEA90367ADD9}.Debug|Any CPU.ActiveCfg = Debug|Any CPU
		{04FCF617-E9C8-44A9-9072-AEA90367ADD9}.Debug|Any CPU.Build.0 = Debug|Any CPU
		{04FCF617-E9C8-44A9-9072-AEA90367ADD9}.Release|Any CPU.ActiveCfg = Release|Any CPU
		{04FCF617-E9C8-44A9-9072-AEA90367ADD9}.Release|Any CPU.Build.0 = Release|Any CPU
		{86C5926E-9DF1-4A59-9B54-85A06A18A912}.Debug|Any CPU.ActiveCfg = Debug|Any CPU
		{86C5926E-9DF1-4A59-9B54-85A06A18A912}.Debug|Any CPU.Build.0 = Debug|Any CPU
		{86C5926E-9DF1-4A59-9B54-85A06A18A912}.Release|Any CPU.ActiveCfg = Release|Any CPU
		{86C5926E-9DF1-4A59-9B54-85A06A18A912}.Release|Any CPU.Build.0 = Release|Any CPU
	EndGlobalSection
	GlobalSection(SolutionProperties) = preSolution
		HideSolutionNode = FALSE
	EndGlobalSection
	GlobalSection(ExtensibilityGlobals) = postSolution
		SolutionGuid = {BB894FD6-CC98-42B4-8921-0B0C5AF41555}
	EndGlobalSection
EndGlobal
