
Microsoft Visual Studio Solution File, Format Version 12.00
# Visual Studio 2013
VisualStudioVersion = 12.0.31101.0
MinimumVisualStudioVersion = 10.0.40219.1
Project("{FAE04EC0-301F-11D3-BF4B-00C04F79EFBC}") = "MrAdvice.MVVM", "MrAdvice.MVVM\MrAdvice.MVVM.csproj", "{3CC33C7B-65E5-47F0-AE8A-1A473D8720E1}"
EndProject
Project("{2150E333-8FDC-42A3-9474-1A3956D46DE8}") = ".nuget", ".nuget", "{94DEE92C-2550-4BE8-80CF-549DA6AA3351}"
	ProjectSection(SolutionItems) = preProject
		.nuget\NuGet.Config = .nuget\NuGet.Config
		.nuget\NuGet.exe = .nuget\NuGet.exe
		.nuget\NuGet.targets = .nuget\NuGet.targets
	EndProjectSection
EndProject
Project("{2150E333-8FDC-42A3-9474-1A3956D46DE8}") = "Resources", "Resources", "{D113F085-F153-41AC-8162-E613011E813F}"
	ProjectSection(SolutionItems) = preProject
		Icon\MrAdvice.MVVM.png = Icon\MrAdvice.MVVM.png
	EndProjectSection
EndProject
Project("{FAE04EC0-301F-11D3-BF4B-00C04F79EFBC}") = "TestApplication", "TestApplication\TestApplication.csproj", "{8CA64803-9E81-4BEA-946A-549E21D339FD}"
EndProject
Project("{2150E333-8FDC-42A3-9474-1A3956D46DE8}") = "Tools", "Tools", "{8148DEFF-853C-46AA-86BB-1498F273F536}"
	ProjectSection(SolutionItems) = preProject
		appveyor.yml = appveyor.yml
	EndProjectSection
EndProject
Global
	GlobalSection(SolutionConfigurationPlatforms) = preSolution
		Debug|Any CPU = Debug|Any CPU
		Debug|Mixed Platforms = Debug|Mixed Platforms
		Debug|x86 = Debug|x86
		Release|Any CPU = Release|Any CPU
		Release|Mixed Platforms = Release|Mixed Platforms
		Release|x86 = Release|x86
	EndGlobalSection
	GlobalSection(ProjectConfigurationPlatforms) = postSolution
		{3CC33C7B-65E5-47F0-AE8A-1A473D8720E1}.Debug|Any CPU.ActiveCfg = Debug|Any CPU
		{3CC33C7B-65E5-47F0-AE8A-1A473D8720E1}.Debug|Any CPU.Build.0 = Debug|Any CPU
		{3CC33C7B-65E5-47F0-AE8A-1A473D8720E1}.Debug|Mixed Platforms.ActiveCfg = Debug|Any CPU
		{3CC33C7B-65E5-47F0-AE8A-1A473D8720E1}.Debug|Mixed Platforms.Build.0 = Debug|Any CPU
		{3CC33C7B-65E5-47F0-AE8A-1A473D8720E1}.Debug|x86.ActiveCfg = Debug|Any CPU
		{3CC33C7B-65E5-47F0-AE8A-1A473D8720E1}.Release|Any CPU.ActiveCfg = Release|Any CPU
		{3CC33C7B-65E5-47F0-AE8A-1A473D8720E1}.Release|Any CPU.Build.0 = Release|Any CPU
		{3CC33C7B-65E5-47F0-AE8A-1A473D8720E1}.Release|Mixed Platforms.ActiveCfg = Release|Any CPU
		{3CC33C7B-65E5-47F0-AE8A-1A473D8720E1}.Release|Mixed Platforms.Build.0 = Release|Any CPU
		{3CC33C7B-65E5-47F0-AE8A-1A473D8720E1}.Release|x86.ActiveCfg = Release|Any CPU
		{8CA64803-9E81-4BEA-946A-549E21D339FD}.Debug|Any CPU.ActiveCfg = Debug|Any CPU
		{8CA64803-9E81-4BEA-946A-549E21D339FD}.Debug|Any CPU.Build.0 = Debug|Any CPU
		{8CA64803-9E81-4BEA-946A-549E21D339FD}.Debug|Mixed Platforms.ActiveCfg = Debug|Any CPU
		{8CA64803-9E81-4BEA-946A-549E21D339FD}.Debug|Mixed Platforms.Build.0 = Debug|Any CPU
		{8CA64803-9E81-4BEA-946A-549E21D339FD}.Debug|x86.ActiveCfg = Debug|Any CPU
		{8CA64803-9E81-4BEA-946A-549E21D339FD}.Release|Any CPU.ActiveCfg = Release|Any CPU
		{8CA64803-9E81-4BEA-946A-549E21D339FD}.Release|Any CPU.Build.0 = Release|Any CPU
		{8CA64803-9E81-4BEA-946A-549E21D339FD}.Release|Mixed Platforms.ActiveCfg = Release|Any CPU
		{8CA64803-9E81-4BEA-946A-549E21D339FD}.Release|Mixed Platforms.Build.0 = Release|Any CPU
		{8CA64803-9E81-4BEA-946A-549E21D339FD}.Release|x86.ActiveCfg = Release|Any CPU
	EndGlobalSection
	GlobalSection(SolutionProperties) = preSolution
		HideSolutionNode = FALSE
	EndGlobalSection
EndGlobal
