
Microsoft Visual Studio Solution File, Format Version 12.00
# Visual Studio 14
VisualStudioVersion = 14.0.25420.1
MinimumVisualStudioVersion = 10.0.40219.1
Project("{2150E333-8FDC-42A3-9474-1A3956D46DE8}") = ".nuget", ".nuget", "{94DEE92C-2550-4BE8-80CF-549DA6AA3351}"
	ProjectSection(SolutionItems) = preProject
		.nuget\NuGet.Config = .nuget\NuGet.Config
		.nuget\NuGet.exe = .nuget\NuGet.exe
		.nuget\NuGet.targets = .nuget\NuGet.targets
	EndProjectSection
EndProject
Project("{2150E333-8FDC-42A3-9474-1A3956D46DE8}") = "Resources", "Resources", "{D113F085-F153-41AC-8162-E613011E813F}"
	ProjectSection(SolutionItems) = preProject
		Icon\MrAdvice.MVVM.png = Icon\MrAdvice.MVVM.png
	EndProjectSection
EndProject
Project("{2150E333-8FDC-42A3-9474-1A3956D46DE8}") = "Tools", "Tools", "{8148DEFF-853C-46AA-86BB-1498F273F536}"
	ProjectSection(SolutionItems) = preProject
		.gitattributes = .gitattributes
		.gitignore = .gitignore
		appveyor.yml = appveyor.yml
	EndProjectSection
EndProject
Project("{FAE04EC0-301F-11D3-BF4B-00C04F79EFBC}") = "TestApplication.WPF", "TestApplication.WPF\TestApplication.WPF.csproj", "{8CA64803-9E81-4BEA-946A-549E21D339FD}"
	ProjectSection(ProjectDependencies) = postProject
		{3CC33C7B-65E5-47F0-AE8A-1A473D8720E1} = {3CC33C7B-65E5-47F0-AE8A-1A473D8720E1}
	EndProjectSection
EndProject
Project("{FAE04EC0-301F-11D3-BF4B-00C04F79EFBC}") = "MrAdvice.MVVM (Silverlight)", "MrAdvice.MVVM.Silverlight\MrAdvice.MVVM (Silverlight).csproj", "{8387A320-D149-4BB3-8455-DD0D56DCEA74}"
	ProjectSection(ProjectDependencies) = postProject
		{3CC33C7B-65E5-47F0-AE8A-1A473D8720E1} = {3CC33C7B-65E5-47F0-AE8A-1A473D8720E1}
	EndProjectSection
EndProject
Project("{FAE04EC0-301F-11D3-BF4B-00C04F79EFBC}") = "TestApplication.Silverlight", "TestApplication.Silverlight\TestApplication.Silverlight.csproj", "{38974607-15D6-4EE2-8F43-F97EC20D1F82}"
EndProject
Project("{8BC9CEB8-8B4A-11D0-8D11-00A0C91BC942}") = "Nuget", "Nuget\Nuget.vcxproj", "{8065D48C-58F8-46B8-9824-CDE2447A0DAB}"
	ProjectSection(ProjectDependencies) = postProject
		{8387A320-D149-4BB3-8455-DD0D56DCEA74} = {8387A320-D149-4BB3-8455-DD0D56DCEA74}
		{3CC33C7B-65E5-47F0-AE8A-1A473D8720E1} = {3CC33C7B-65E5-47F0-AE8A-1A473D8720E1}
	EndProjectSection
EndProject
Project("{FAE04EC0-301F-11D3-BF4B-00C04F79EFBC}") = "TestApplication.ModernUI", "TestApplication.ModernUI\TestApplication.ModernUI.csproj", "{04FCF617-E9C8-44A9-9072-AEA90367ADD9}"
EndProject
Project("{FAE04EC0-301F-11D3-BF4B-00C04F79EFBC}") = "MrAdvice.MVVM (WPF)", "MrAdvice.MVVM.WPF\MrAdvice.MVVM (WPF).csproj", "{3CC33C7B-65E5-47F0-AE8A-1A473D8720E1}"
EndProject
Project("{D954291E-2A0B-460D-934E-DC6B0785DB48}") = "MrAdvice.MVVM", "MrAdvice.MVVM\MrAdvice.MVVM.shproj", "{998421F4-6EF6-41D5-ACE8-81CA4BF6FECB}"
EndProject
Global
	GlobalSection(SharedMSBuildProjectFiles) = preSolution
		MrAdvice.MVVM\MrAdvice.MVVM.projitems*{3cc33c7b-65e5-47f0-ae8a-1a473d8720e1}*SharedItemsImports = 4
		MrAdvice.MVVM\MrAdvice.MVVM.projitems*{8387a320-d149-4bb3-8455-dd0d56dcea74}*SharedItemsImports = 4
		MrAdvice.MVVM\MrAdvice.MVVM.projitems*{998421f4-6ef6-41d5-ace8-81ca4bf6fecb}*SharedItemsImports = 13
	EndGlobalSection
	GlobalSection(SolutionConfigurationPlatforms) = preSolution
		Debug|Any CPU = Debug|Any CPU
		Debug|ARM = Debug|ARM
		Debug|x64 = Debug|x64
		Debug|x86 = Debug|x86
		Release|Any CPU = Release|Any CPU
		Release|ARM = Release|ARM
		Release|x64 = Release|x64
		Release|x86 = Release|x86
	EndGlobalSection
	GlobalSection(ProjectConfigurationPlatforms) = postSolution
		{8CA64803-9E81-4BEA-946A-549E21D339FD}.Debug|Any CPU.ActiveCfg = Debug|Any CPU
		{8CA64803-9E81-4BEA-946A-549E21D339FD}.Debug|Any CPU.Build.0 = Debug|Any CPU
		{8CA64803-9E81-4BEA-946A-549E21D339FD}.Debug|ARM.ActiveCfg = Debug|Any CPU
		{8CA64803-9E81-4BEA-946A-549E21D339FD}.Debug|ARM.Build.0 = Debug|Any CPU
		{8CA64803-9E81-4BEA-946A-549E21D339FD}.Debug|x64.ActiveCfg = Debug|Any CPU
		{8CA64803-9E81-4BEA-946A-549E21D339FD}.Debug|x64.Build.0 = Debug|Any CPU
		{8CA64803-9E81-4BEA-946A-549E21D339FD}.Debug|x86.ActiveCfg = Debug|Any CPU
		{8CA64803-9E81-4BEA-946A-549E21D339FD}.Debug|x86.Build.0 = Debug|Any CPU
		{8CA64803-9E81-4BEA-946A-549E21D339FD}.Release|Any CPU.ActiveCfg = Release|Any CPU
		{8CA64803-9E81-4BEA-946A-549E21D339FD}.Release|Any CPU.Build.0 = Release|Any CPU
		{8CA64803-9E81-4BEA-946A-549E21D339FD}.Release|ARM.ActiveCfg = Release|Any CPU
		{8CA64803-9E81-4BEA-946A-549E21D339FD}.Release|ARM.Build.0 = Release|Any CPU
		{8CA64803-9E81-4BEA-946A-549E21D339FD}.Release|x64.ActiveCfg = Release|Any CPU
		{8CA64803-9E81-4BEA-946A-549E21D339FD}.Release|x64.Build.0 = Release|Any CPU
		{8CA64803-9E81-4BEA-946A-549E21D339FD}.Release|x86.ActiveCfg = Release|Any CPU
		{8CA64803-9E81-4BEA-946A-549E21D339FD}.Release|x86.Build.0 = Release|Any CPU
		{8387A320-D149-4BB3-8455-DD0D56DCEA74}.Debug|Any CPU.ActiveCfg = Debug|Any CPU
		{8387A320-D149-4BB3-8455-DD0D56DCEA74}.Debug|Any CPU.Build.0 = Debug|Any CPU
		{8387A320-D149-4BB3-8455-DD0D56DCEA74}.Debug|ARM.ActiveCfg = Debug|Any CPU
		{8387A320-D149-4BB3-8455-DD0D56DCEA74}.Debug|ARM.Build.0 = Debug|Any CPU
		{8387A320-D149-4BB3-8455-DD0D56DCEA74}.Debug|x64.ActiveCfg = Debug|Any CPU
		{8387A320-D149-4BB3-8455-DD0D56DCEA74}.Debug|x64.Build.0 = Debug|Any CPU
		{8387A320-D149-4BB3-8455-DD0D56DCEA74}.Debug|x86.ActiveCfg = Debug|Any CPU
		{8387A320-D149-4BB3-8455-DD0D56DCEA74}.Debug|x86.Build.0 = Debug|Any CPU
		{8387A320-D149-4BB3-8455-DD0D56DCEA74}.Release|Any CPU.ActiveCfg = Release|Any CPU
		{8387A320-D149-4BB3-8455-DD0D56DCEA74}.Release|Any CPU.Build.0 = Release|Any CPU
		{8387A320-D149-4BB3-8455-DD0D56DCEA74}.Release|ARM.ActiveCfg = Release|Any CPU
		{8387A320-D149-4BB3-8455-DD0D56DCEA74}.Release|ARM.Build.0 = Release|Any CPU
		{8387A320-D149-4BB3-8455-DD0D56DCEA74}.Release|x64.ActiveCfg = Release|Any CPU
		{8387A320-D149-4BB3-8455-DD0D56DCEA74}.Release|x64.Build.0 = Release|Any CPU
		{8387A320-D149-4BB3-8455-DD0D56DCEA74}.Release|x86.ActiveCfg = Release|Any CPU
		{8387A320-D149-4BB3-8455-DD0D56DCEA74}.Release|x86.Build.0 = Release|Any CPU
		{38974607-15D6-4EE2-8F43-F97EC20D1F82}.Debug|Any CPU.ActiveCfg = Debug|Any CPU
		{38974607-15D6-4EE2-8F43-F97EC20D1F82}.Debug|Any CPU.Build.0 = Debug|Any CPU
		{38974607-15D6-4EE2-8F43-F97EC20D1F82}.Debug|ARM.ActiveCfg = Debug|Any CPU
		{38974607-15D6-4EE2-8F43-F97EC20D1F82}.Debug|ARM.Build.0 = Debug|Any CPU
		{38974607-15D6-4EE2-8F43-F97EC20D1F82}.Debug|x64.ActiveCfg = Debug|Any CPU
		{38974607-15D6-4EE2-8F43-F97EC20D1F82}.Debug|x64.Build.0 = Debug|Any CPU
		{38974607-15D6-4EE2-8F43-F97EC20D1F82}.Debug|x86.ActiveCfg = Debug|Any CPU
		{38974607-15D6-4EE2-8F43-F97EC20D1F82}.Debug|x86.Build.0 = Debug|Any CPU
		{38974607-15D6-4EE2-8F43-F97EC20D1F82}.Release|Any CPU.ActiveCfg = Release|Any CPU
		{38974607-15D6-4EE2-8F43-F97EC20D1F82}.Release|Any CPU.Build.0 = Release|Any CPU
		{38974607-15D6-4EE2-8F43-F97EC20D1F82}.Release|ARM.ActiveCfg = Release|Any CPU
		{38974607-15D6-4EE2-8F43-F97EC20D1F82}.Release|ARM.Build.0 = Release|Any CPU
		{38974607-15D6-4EE2-8F43-F97EC20D1F82}.Release|x64.ActiveCfg = Release|Any CPU
		{38974607-15D6-4EE2-8F43-F97EC20D1F82}.Release|x64.Build.0 = Release|Any CPU
		{38974607-15D6-4EE2-8F43-F97EC20D1F82}.Release|x86.ActiveCfg = Release|Any CPU
		{38974607-15D6-4EE2-8F43-F97EC20D1F82}.Release|x86.Build.0 = Release|Any CPU
		{8065D48C-58F8-46B8-9824-CDE2447A0DAB}.Debug|Any CPU.ActiveCfg = Debug|Win32
		{8065D48C-58F8-46B8-9824-CDE2447A0DAB}.Debug|ARM.ActiveCfg = Debug|Win32
		{8065D48C-58F8-46B8-9824-CDE2447A0DAB}.Debug|x64.ActiveCfg = Debug|x64
		{8065D48C-58F8-46B8-9824-CDE2447A0DAB}.Debug|x64.Build.0 = Debug|x64
		{8065D48C-58F8-46B8-9824-CDE2447A0DAB}.Debug|x86.ActiveCfg = Debug|Win32
		{8065D48C-58F8-46B8-9824-CDE2447A0DAB}.Debug|x86.Build.0 = Debug|Win32
		{8065D48C-58F8-46B8-9824-CDE2447A0DAB}.Release|Any CPU.ActiveCfg = Release|Win32
		{8065D48C-58F8-46B8-9824-CDE2447A0DAB}.Release|Any CPU.Build.0 = Release|Win32
		{8065D48C-58F8-46B8-9824-CDE2447A0DAB}.Release|ARM.ActiveCfg = Release|Win32
		{8065D48C-58F8-46B8-9824-CDE2447A0DAB}.Release|x64.ActiveCfg = Release|x64
		{8065D48C-58F8-46B8-9824-CDE2447A0DAB}.Release|x64.Build.0 = Release|x64
		{8065D48C-58F8-46B8-9824-CDE2447A0DAB}.Release|x86.ActiveCfg = Release|Win32
		{8065D48C-58F8-46B8-9824-CDE2447A0DAB}.Release|x86.Build.0 = Release|Win32
		{04FCF617-E9C8-44A9-9072-AEA90367ADD9}.Debug|Any CPU.ActiveCfg = Debug|Any CPU
		{04FCF617-E9C8-44A9-9072-AEA90367ADD9}.Debug|Any CPU.Build.0 = Debug|Any CPU
		{04FCF617-E9C8-44A9-9072-AEA90367ADD9}.Debug|ARM.ActiveCfg = Debug|Any CPU
		{04FCF617-E9C8-44A9-9072-AEA90367ADD9}.Debug|ARM.Build.0 = Debug|Any CPU
		{04FCF617-E9C8-44A9-9072-AEA90367ADD9}.Debug|x64.ActiveCfg = Debug|Any CPU
		{04FCF617-E9C8-44A9-9072-AEA90367ADD9}.Debug|x64.Build.0 = Debug|Any CPU
		{04FCF617-E9C8-44A9-9072-AEA90367ADD9}.Debug|x86.ActiveCfg = Debug|Any CPU
		{04FCF617-E9C8-44A9-9072-AEA90367ADD9}.Debug|x86.Build.0 = Debug|Any CPU
		{04FCF617-E9C8-44A9-9072-AEA90367ADD9}.Release|Any CPU.ActiveCfg = Release|Any CPU
		{04FCF617-E9C8-44A9-9072-AEA90367ADD9}.Release|Any CPU.Build.0 = Release|Any CPU
		{04FCF617-E9C8-44A9-9072-AEA90367ADD9}.Release|ARM.ActiveCfg = Release|Any CPU
		{04FCF617-E9C8-44A9-9072-AEA90367ADD9}.Release|ARM.Build.0 = Release|Any CPU
		{04FCF617-E9C8-44A9-9072-AEA90367ADD9}.Release|x64.ActiveCfg = Release|Any CPU
		{04FCF617-E9C8-44A9-9072-AEA90367ADD9}.Release|x64.Build.0 = Release|Any CPU
		{04FCF617-E9C8-44A9-9072-AEA90367ADD9}.Release|x86.ActiveCfg = Release|Any CPU
		{04FCF617-E9C8-44A9-9072-AEA90367ADD9}.Release|x86.Build.0 = Release|Any CPU
		{3CC33C7B-65E5-47F0-AE8A-1A473D8720E1}.Debug|Any CPU.ActiveCfg = Debug|Any CPU
		{3CC33C7B-65E5-47F0-AE8A-1A473D8720E1}.Debug|Any CPU.Build.0 = Debug|Any CPU
		{3CC33C7B-65E5-47F0-AE8A-1A473D8720E1}.Debug|ARM.ActiveCfg = Debug|Any CPU
		{3CC33C7B-65E5-47F0-AE8A-1A473D8720E1}.Debug|ARM.Build.0 = Debug|Any CPU
		{3CC33C7B-65E5-47F0-AE8A-1A473D8720E1}.Debug|x64.ActiveCfg = Debug|Any CPU
		{3CC33C7B-65E5-47F0-AE8A-1A473D8720E1}.Debug|x64.Build.0 = Debug|Any CPU
		{3CC33C7B-65E5-47F0-AE8A-1A473D8720E1}.Debug|x86.ActiveCfg = Debug|Any CPU
		{3CC33C7B-65E5-47F0-AE8A-1A473D8720E1}.Debug|x86.Build.0 = Debug|Any CPU
		{3CC33C7B-65E5-47F0-AE8A-1A473D8720E1}.Release|Any CPU.ActiveCfg = Release|Any CPU
		{3CC33C7B-65E5-47F0-AE8A-1A473D8720E1}.Release|Any CPU.Build.0 = Release|Any CPU
		{3CC33C7B-65E5-47F0-AE8A-1A473D8720E1}.Release|ARM.ActiveCfg = Release|Any CPU
		{3CC33C7B-65E5-47F0-AE8A-1A473D8720E1}.Release|ARM.Build.0 = Release|Any CPU
		{3CC33C7B-65E5-47F0-AE8A-1A473D8720E1}.Release|x64.ActiveCfg = Release|Any CPU
		{3CC33C7B-65E5-47F0-AE8A-1A473D8720E1}.Release|x64.Build.0 = Release|Any CPU
		{3CC33C7B-65E5-47F0-AE8A-1A473D8720E1}.Release|x86.ActiveCfg = Release|Any CPU
		{3CC33C7B-65E5-47F0-AE8A-1A473D8720E1}.Release|x86.Build.0 = Release|Any CPU
	EndGlobalSection
	GlobalSection(SolutionProperties) = preSolution
		HideSolutionNode = FALSE
	EndGlobalSection
EndGlobal
